// !$*UTF8*$!
{
	archiveVersion = 1;
	classes = {
	};
	objectVersion = 50;
	objects = {

/* Begin PBXBuildFile section */
		9327A6DE24901F77000DB868 /* AppDelegate.swift in Sources */ = {isa = PBXBuildFile; fileRef = 9327A6DD24901F77000DB868 /* AppDelegate.swift */; };
		9327A6E024901F77000DB868 /* SceneDelegate.swift in Sources */ = {isa = PBXBuildFile; fileRef = 9327A6DF24901F77000DB868 /* SceneDelegate.swift */; };
		9327A6E224901F77000DB868 /* ViewController.swift in Sources */ = {isa = PBXBuildFile; fileRef = 9327A6E124901F77000DB868 /* ViewController.swift */; };
		9327A6E524901F77000DB868 /* Main.storyboard in Resources */ = {isa = PBXBuildFile; fileRef = 9327A6E324901F77000DB868 /* Main.storyboard */; };
		9327A6E724901F78000DB868 /* Assets.xcassets in Resources */ = {isa = PBXBuildFile; fileRef = 9327A6E624901F78000DB868 /* Assets.xcassets */; };
		9327A6F724902057000DB868 /* ColorsWebView.swift in Sources */ = {isa = PBXBuildFile; fileRef = 9327A6F624902057000DB868 /* ColorsWebView.swift */; };
		9327A6F9249020C1000DB868 /* WebViewVC.swift in Sources */ = {isa = PBXBuildFile; fileRef = 9327A6F8249020C1000DB868 /* WebViewVC.swift */; };
		9327A6FB24902104000DB868 /* Ext-UIViewController-Storyboard.swift in Sources */ = {isa = PBXBuildFile; fileRef = 9327A6FA24902104000DB868 /* Ext-UIViewController-Storyboard.swift */; };
		9327A6FD24902214000DB868 /* Constants.swift in Sources */ = {isa = PBXBuildFile; fileRef = 9327A6FC24902214000DB868 /* Constants.swift */; };
		9327A6FF24902285000DB868 /* Data.swift in Sources */ = {isa = PBXBuildFile; fileRef = 9327A6FE24902285000DB868 /* Data.swift */; };
		9327A70324902370000DB868 /* LaunchScreen.storyboard in Resources */ = {isa = PBXBuildFile; fileRef = 9327A70224902370000DB868 /* LaunchScreen.storyboard */; };
		9327A7052490247E000DB868 /* WebView.storyboard in Resources */ = {isa = PBXBuildFile; fileRef = 9327A7042490247E000DB868 /* WebView.storyboard */; };
		9327A7072490269D000DB868 /* README.md in Resources */ = {isa = PBXBuildFile; fileRef = 9327A7062490269D000DB868 /* README.md */; };
		9327A709249026AA000DB868 /* LICENSE in Resources */ = {isa = PBXBuildFile; fileRef = 9327A708249026A9000DB868 /* LICENSE */; };
		939267B524902DFE00D06461 /* DarkMode.png in Resources */ = {isa = PBXBuildFile; fileRef = 939267B224902DFD00D06461 /* DarkMode.png */; };
		939267B624902DFE00D06461 /* RegularMode.png in Resources */ = {isa = PBXBuildFile; fileRef = 939267B324902DFD00D06461 /* RegularMode.png */; };
		939267B724902DFE00D06461 /* ScreenShot.png in Resources */ = {isa = PBXBuildFile; fileRef = 939267B424902DFE00D06461 /* ScreenShot.png */; };
/* End PBXBuildFile section */

/* Begin PBXFileReference section */
		9327A6DA24901F77000DB868 /* DarkModeColors.app */ = {isa = PBXFileReference; explicitFileType = wrapper.application; includeInIndex = 0; path = DarkModeColors.app; sourceTree = BUILT_PRODUCTS_DIR; };
		9327A6DD24901F77000DB868 /* AppDelegate.swift */ = {isa = PBXFileReference; lastKnownFileType = sourcecode.swift; path = AppDelegate.swift; sourceTree = "<group>"; };
		9327A6DF24901F77000DB868 /* SceneDelegate.swift */ = {isa = PBXFileReference; lastKnownFileType = sourcecode.swift; path = SceneDelegate.swift; sourceTree = "<group>"; };
		9327A6E124901F77000DB868 /* ViewController.swift */ = {isa = PBXFileReference; lastKnownFileType = sourcecode.swift; path = ViewController.swift; sourceTree = "<group>"; };
		9327A6E424901F77000DB868 /* Base */ = {isa = PBXFileReference; lastKnownFileType = file.storyboard; name = Base; path = Base.lproj/Main.storyboard; sourceTree = "<group>"; };
		9327A6E624901F78000DB868 /* Assets.xcassets */ = {isa = PBXFileReference; lastKnownFileType = folder.assetcatalog; path = Assets.xcassets; sourceTree = "<group>"; };
		9327A6EB24901F78000DB868 /* Info.plist */ = {isa = PBXFileReference; lastKnownFileType = text.plist.xml; path = Info.plist; sourceTree = "<group>"; };
		9327A6F624902057000DB868 /* ColorsWebView.swift */ = {isa = PBXFileReference; lastKnownFileType = sourcecode.swift; path = ColorsWebView.swift; sourceTree = "<group>"; };
		9327A6F8249020C1000DB868 /* WebViewVC.swift */ = {isa = PBXFileReference; lastKnownFileType = sourcecode.swift; path = WebViewVC.swift; sourceTree = "<group>"; };
		9327A6FA24902104000DB868 /* Ext-UIViewController-Storyboard.swift */ = {isa = PBXFileReference; lastKnownFileType = sourcecode.swift; path = "Ext-UIViewController-Storyboard.swift"; sourceTree = "<group>"; };
		9327A6FC24902214000DB868 /* Constants.swift */ = {isa = PBXFileReference; lastKnownFileType = sourcecode.swift; path = Constants.swift; sourceTree = "<group>"; };
		9327A6FE24902285000DB868 /* Data.swift */ = {isa = PBXFileReference; lastKnownFileType = sourcecode.swift; path = Data.swift; sourceTree = "<group>"; };
		9327A70224902370000DB868 /* LaunchScreen.storyboard */ = {isa = PBXFileReference; lastKnownFileType = file.storyboard; path = LaunchScreen.storyboard; sourceTree = "<group>"; };
		9327A7042490247E000DB868 /* WebView.storyboard */ = {isa = PBXFileReference; fileEncoding = 4; lastKnownFileType = file.storyboard; path = WebView.storyboard; sourceTree = "<group>"; };
		9327A7062490269D000DB868 /* README.md */ = {isa = PBXFileReference; fileEncoding = 4; lastKnownFileType = net.daringfireball.markdown; path = README.md; sourceTree = "<group>"; };
		9327A708249026A9000DB868 /* LICENSE */ = {isa = PBXFileReference; fileEncoding = 4; lastKnownFileType = text; path = LICENSE; sourceTree = "<group>"; };
		939267B224902DFD00D06461 /* DarkMode.png */ = {isa = PBXFileReference; lastKnownFileType = image.png; path = DarkMode.png; sourceTree = "<group>"; };
		939267B324902DFD00D06461 /* RegularMode.png */ = {isa = PBXFileReference; lastKnownFileType = image.png; path = RegularMode.png; sourceTree = "<group>"; };
		939267B424902DFE00D06461 /* ScreenShot.png */ = {isa = PBXFileReference; lastKnownFileType = image.png; path = ScreenShot.png; sourceTree = "<group>"; };
/* End PBXFileReference section */

/* Begin PBXFrameworksBuildPhase section */
		9327A6D724901F77000DB868 /* Frameworks */ = {
			isa = PBXFrameworksBuildPhase;
			buildActionMask = 2147483647;
			files = (
			);
			runOnlyForDeploymentPostprocessing = 0;
		};
/* End PBXFrameworksBuildPhase section */

/* Begin PBXGroup section */
		9327A6D124901F77000DB868 = {
			isa = PBXGroup;
			children = (
				939267B124902C4800D06461 /* GitHub-Images */,
				9327A7062490269D000DB868 /* README.md */,
				9327A708249026A9000DB868 /* LICENSE */,
				9327A6DC24901F77000DB868 /* DarkModeColors */,
				9327A6DB24901F77000DB868 /* Products */,
			);
			sourceTree = "<group>";
		};
		9327A6DB24901F77000DB868 /* Products */ = {
			isa = PBXGroup;
			children = (
				9327A6DA24901F77000DB868 /* DarkModeColors.app */,
			);
			name = Products;
			sourceTree = "<group>";
		};
		9327A6DC24901F77000DB868 /* DarkModeColors */ = {
			isa = PBXGroup;
			children = (
				9327A6F124901F9B000DB868 /* Root */,
				9327A6F224901FFB000DB868 /* Controllers */,
				9327A6F524902010000DB868 /* Extensions */,
				9327A6F42490200A000DB868 /* Data */,
				9327A6F324902002000DB868 /* Storyboards */,
				9327A6EB24901F78000DB868 /* Info.plist */,
			);
			path = DarkModeColors;
			sourceTree = "<group>";
		};
		9327A6F124901F9B000DB868 /* Root */ = {
			isa = PBXGroup;
			children = (
				9327A6DD24901F77000DB868 /* AppDelegate.swift */,
				9327A6DF24901F77000DB868 /* SceneDelegate.swift */,
				9327A6E624901F78000DB868 /* Assets.xcassets */,
			);
			path = Root;
			sourceTree = "<group>";
		};
		9327A6F224901FFB000DB868 /* Controllers */ = {
			isa = PBXGroup;
			children = (
				9327A6F624902057000DB868 /* ColorsWebView.swift */,
				9327A6E124901F77000DB868 /* ViewController.swift */,
				9327A6F8249020C1000DB868 /* WebViewVC.swift */,
			);
			path = Controllers;
			sourceTree = "<group>";
		};
		9327A6F324902002000DB868 /* Storyboards */ = {
			isa = PBXGroup;
			children = (
				9327A70224902370000DB868 /* LaunchScreen.storyboard */,
				9327A7042490247E000DB868 /* WebView.storyboard */,
				9327A6E324901F77000DB868 /* Main.storyboard */,
			);
			path = Storyboards;
			sourceTree = "<group>";
		};
		9327A6F42490200A000DB868 /* Data */ = {
			isa = PBXGroup;
			children = (
				9327A6FC24902214000DB868 /* Constants.swift */,
				9327A6FE24902285000DB868 /* Data.swift */,
			);
			path = Data;
			sourceTree = "<group>";
		};
		9327A6F524902010000DB868 /* Extensions */ = {
			isa = PBXGroup;
			children = (
				9327A6FA24902104000DB868 /* Ext-UIViewController-Storyboard.swift */,
			);
			path = Extensions;
			sourceTree = "<group>";
		};
		939267B124902C4800D06461 /* GitHub-Images */ = {
			isa = PBXGroup;
			children = (
				939267B224902DFD00D06461 /* DarkMode.png */,
				939267B324902DFD00D06461 /* RegularMode.png */,
				939267B424902DFE00D06461 /* ScreenShot.png */,
			);
			path = "GitHub-Images";
			sourceTree = "<group>";
		};
/* End PBXGroup section */

/* Begin PBXNativeTarget section */
		9327A6D924901F77000DB868 /* DarkModeColors */ = {
			isa = PBXNativeTarget;
			buildConfigurationList = 9327A6EE24901F78000DB868 /* Build configuration list for PBXNativeTarget "DarkModeColors" */;
			buildPhases = (
				9327A6D624901F77000DB868 /* Sources */,
				9327A6D724901F77000DB868 /* Frameworks */,
				9327A6D824901F77000DB868 /* Resources */,
			);
			buildRules = (
			);
			dependencies = (
			);
			name = DarkModeColors;
			productName = DarkModeColors;
			productReference = 9327A6DA24901F77000DB868 /* DarkModeColors.app */;
			productType = "com.apple.product-type.application";
		};
/* End PBXNativeTarget section */

/* Begin PBXProject section */
		9327A6D224901F77000DB868 /* Project object */ = {
			isa = PBXProject;
			attributes = {
				LastSwiftUpdateCheck = 1150;
				LastUpgradeCheck = 1150;
				ORGANIZATIONNAME = "Marcy Vernon";
				TargetAttributes = {
					9327A6D924901F77000DB868 = {
						CreatedOnToolsVersion = 11.5;
					};
				};
			};
			buildConfigurationList = 9327A6D524901F77000DB868 /* Build configuration list for PBXProject "DarkModeColors" */;
			compatibilityVersion = "Xcode 9.3";
			developmentRegion = en;
			hasScannedForEncodings = 0;
			knownRegions = (
				en,
				Base,
			);
			mainGroup = 9327A6D124901F77000DB868;
			productRefGroup = 9327A6DB24901F77000DB868 /* Products */;
			projectDirPath = "";
			projectRoot = "";
			targets = (
				9327A6D924901F77000DB868 /* DarkModeColors */,
			);
		};
/* End PBXProject section */

/* Begin PBXResourcesBuildPhase section */
		9327A6D824901F77000DB868 /* Resources */ = {
			isa = PBXResourcesBuildPhase;
			buildActionMask = 2147483647;
			files = (
				9327A709249026AA000DB868 /* LICENSE in Resources */,
				939267B624902DFE00D06461 /* RegularMode.png in Resources */,
				9327A70324902370000DB868 /* LaunchScreen.storyboard in Resources */,
				9327A6E724901F78000DB868 /* Assets.xcassets in Resources */,
				9327A7072490269D000DB868 /* README.md in Resources */,
				939267B724902DFE00D06461 /* ScreenShot.png in Resources */,
				9327A7052490247E000DB868 /* WebView.storyboard in Resources */,
				9327A6E524901F77000DB868 /* Main.storyboard in Resources */,
				939267B524902DFE00D06461 /* DarkMode.png in Resources */,
			);
			runOnlyForDeploymentPostprocessing = 0;
		};
/* End PBXResourcesBuildPhase section */

/* Begin PBXSourcesBuildPhase section */
		9327A6D624901F77000DB868 /* Sources */ = {
			isa = PBXSourcesBuildPhase;
			buildActionMask = 2147483647;
			files = (
				9327A6E224901F77000DB868 /* ViewController.swift in Sources */,
				9327A6F724902057000DB868 /* ColorsWebView.swift in Sources */,
				9327A6F9249020C1000DB868 /* WebViewVC.swift in Sources */,
				9327A6DE24901F77000DB868 /* AppDelegate.swift in Sources */,
				9327A6FD24902214000DB868 /* Constants.swift in Sources */,
				9327A6E024901F77000DB868 /* SceneDelegate.swift in Sources */,
				9327A6FB24902104000DB868 /* Ext-UIViewController-Storyboard.swift in Sources */,
				9327A6FF24902285000DB868 /* Data.swift in Sources */,
			);
			runOnlyForDeploymentPostprocessing = 0;
		};
/* End PBXSourcesBuildPhase section */

/* Begin PBXVariantGroup section */
		9327A6E324901F77000DB868 /* Main.storyboard */ = {
			isa = PBXVariantGroup;
			children = (
				9327A6E424901F77000DB868 /* Base */,
			);
			name = Main.storyboard;
			sourceTree = "<group>";
		};
/* End PBXVariantGroup section */

/* Begin XCBuildConfiguration section */
		9327A6EC24901F78000DB868 /* Debug */ = {
			isa = XCBuildConfiguration;
			buildSettings = {
				ALWAYS_SEARCH_USER_PATHS = NO;
				CLANG_ANALYZER_NONNULL = YES;
				CLANG_ANALYZER_NUMBER_OBJECT_CONVERSION = YES_AGGRESSIVE;
				CLANG_CXX_LANGUAGE_STANDARD = "gnu++14";
				CLANG_CXX_LIBRARY = "libc++";
				CLANG_ENABLE_MODULES = YES;
				CLANG_ENABLE_OBJC_ARC = YES;
				CLANG_ENABLE_OBJC_WEAK = YES;
				CLANG_WARN_BLOCK_CAPTURE_AUTORELEASING = YES;
				CLANG_WARN_BOOL_CONVERSION = YES;
				CLANG_WARN_COMMA = YES;
				CLANG_WARN_CONSTANT_CONVERSION = YES;
				CLANG_WARN_DEPRECATED_OBJC_IMPLEMENTATIONS = YES;
				CLANG_WARN_DIRECT_OBJC_ISA_USAGE = YES_ERROR;
				CLANG_WARN_DOCUMENTATION_COMMENTS = YES;
				CLANG_WARN_EMPTY_BODY = YES;
				CLANG_WARN_ENUM_CONVERSION = YES;
				CLANG_WARN_INFINITE_RECURSION = YES;
				CLANG_WARN_INT_CONVERSION = YES;
				CLANG_WARN_NON_LITERAL_NULL_CONVERSION = YES;
				CLANG_WARN_OBJC_IMPLICIT_RETAIN_SELF = YES;
				CLANG_WARN_OBJC_LITERAL_CONVERSION = YES;
				CLANG_WARN_OBJC_ROOT_CLASS = YES_ERROR;
				CLANG_WARN_RANGE_LOOP_ANALYSIS = YES;
				CLANG_WARN_STRICT_PROTOTYPES = YES;
				CLANG_WARN_SUSPICIOUS_MOVE = YES;
				CLANG_WARN_UNGUARDED_AVAILABILITY = YES_AGGRESSIVE;
				CLANG_WARN_UNREACHABLE_CODE = YES;
				CLANG_WARN__DUPLICATE_METHOD_MATCH = YES;
				COPY_PHASE_STRIP = NO;
				DEBUG_INFORMATION_FORMAT = dwarf;
				ENABLE_STRICT_OBJC_MSGSEND = YES;
				ENABLE_TESTABILITY = YES;
				GCC_C_LANGUAGE_STANDARD = gnu11;
				GCC_DYNAMIC_NO_PIC = NO;
				GCC_NO_COMMON_BLOCKS = YES;
				GCC_OPTIMIZATION_LEVEL = 0;
				GCC_PREPROCESSOR_DEFINITIONS = (
					"DEBUG=1",
					"$(inherited)",
				);
				GCC_WARN_64_TO_32_BIT_CONVERSION = YES;
				GCC_WARN_ABOUT_RETURN_TYPE = YES_ERROR;
				GCC_WARN_UNDECLARED_SELECTOR = YES;
				GCC_WARN_UNINITIALIZED_AUTOS = YES_AGGRESSIVE;
				GCC_WARN_UNUSED_FUNCTION = YES;
				GCC_WARN_UNUSED_VARIABLE = YES;
				IPHONEOS_DEPLOYMENT_TARGET = 13.5;
				MTL_ENABLE_DEBUG_INFO = INCLUDE_SOURCE;
				MTL_FAST_MATH = YES;
				ONLY_ACTIVE_ARCH = YES;
				SDKROOT = iphoneos;
				SWIFT_ACTIVE_COMPILATION_CONDITIONS = DEBUG;
				SWIFT_OPTIMIZATION_LEVEL = "-Onone";
			};
			name = Debug;
		};
		9327A6ED24901F78000DB868 /* Release */ = {
			isa = XCBuildConfiguration;
			buildSettings = {
				ALWAYS_SEARCH_USER_PATHS = NO;
				CLANG_ANALYZER_NONNULL = YES;
				CLANG_ANALYZER_NUMBER_OBJECT_CONVERSION = YES_AGGRESSIVE;
				CLANG_CXX_LANGUAGE_STANDARD = "gnu++14";
				CLANG_CXX_LIBRARY = "libc++";
				CLANG_ENABLE_MODULES = YES;
				CLANG_ENABLE_OBJC_ARC = YES;
				CLANG_ENABLE_OBJC_WEAK = YES;
				CLANG_WARN_BLOCK_CAPTURE_AUTORELEASING = YES;
				CLANG_WARN_BOOL_CONVERSION = YES;
				CLANG_WARN_COMMA = YES;
				CLANG_WARN_CONSTANT_CONVERSION = YES;
				CLANG_WARN_DEPRECATED_OBJC_IMPLEMENTATIONS = YES;
				CLANG_WARN_DIRECT_OBJC_ISA_USAGE = YES_ERROR;
				CLANG_WARN_DOCUMENTATION_COMMENTS = YES;
				CLANG_WARN_EMPTY_BODY = YES;
				CLANG_WARN_ENUM_CONVERSION = YES;
				CLANG_WARN_INFINITE_RECURSION = YES;
				CLANG_WARN_INT_CONVERSION = YES;
				CLANG_WARN_NON_LITERAL_NULL_CONVERSION = YES;
				CLANG_WARN_OBJC_IMPLICIT_RETAIN_SELF = YES;
				CLANG_WARN_OBJC_LITERAL_CONVERSION = YES;
				CLANG_WARN_OBJC_ROOT_CLASS = YES_ERROR;
				CLANG_WARN_RANGE_LOOP_ANALYSIS = YES;
				CLANG_WARN_STRICT_PROTOTYPES = YES;
				CLANG_WARN_SUSPICIOUS_MOVE = YES;
				CLANG_WARN_UNGUARDED_AVAILABILITY = YES_AGGRESSIVE;
				CLANG_WARN_UNREACHABLE_CODE = YES;
				CLANG_WARN__DUPLICATE_METHOD_MATCH = YES;
				COPY_PHASE_STRIP = NO;
				DEBUG_INFORMATION_FORMAT = "dwarf-with-dsym";
				ENABLE_NS_ASSERTIONS = NO;
				ENABLE_STRICT_OBJC_MSGSEND = YES;
				GCC_C_LANGUAGE_STANDARD = gnu11;
				GCC_NO_COMMON_BLOCKS = YES;
				GCC_WARN_64_TO_32_BIT_CONVERSION = YES;
				GCC_WARN_ABOUT_RETURN_TYPE = YES_ERROR;
				GCC_WARN_UNDECLARED_SELECTOR = YES;
				GCC_WARN_UNINITIALIZED_AUTOS = YES_AGGRESSIVE;
				GCC_WARN_UNUSED_FUNCTION = YES;
				GCC_WARN_UNUSED_VARIABLE = YES;
				IPHONEOS_DEPLOYMENT_TARGET = 13.5;
				MTL_ENABLE_DEBUG_INFO = NO;
				MTL_FAST_MATH = YES;
				SDKROOT = iphoneos;
				SWIFT_COMPILATION_MODE = wholemodule;
				SWIFT_OPTIMIZATION_LEVEL = "-O";
				VALIDATE_PRODUCT = YES;
			};
			name = Release;
		};
		9327A6EF24901F78000DB868 /* Debug */ = {
			isa = XCBuildConfiguration;
			buildSettings = {
				ASSETCATALOG_COMPILER_APPICON_NAME = AppIcon;
				CODE_SIGN_STYLE = Automatic;
				DEVELOPMENT_TEAM = T97DA5EFXT;
				INFOPLIST_FILE = DarkModeColors/Info.plist;
				LD_RUNPATH_SEARCH_PATHS = (
					"$(inherited)",
					"@executable_path/Frameworks",
				);
				PRODUCT_BUNDLE_IDENTIFIER = com.MarcyVernon.DarkModeColors;
				PRODUCT_NAME = "$(TARGET_NAME)";
				SWIFT_VERSION = 5.0;
				TARGETED_DEVICE_FAMILY = 1;
			};
			name = Debug;
		};
		9327A6F024901F78000DB868 /* Release */ = {
			isa = XCBuildConfiguration;
			buildSettings = {
				ASSETCATALOG_COMPILER_APPICON_NAME = AppIcon;
				CODE_SIGN_STYLE = Automatic;
				DEVELOPMENT_TEAM = T97DA5EFXT;
				INFOPLIST_FILE = DarkModeColors/Info.plist;
				LD_RUNPATH_SEARCH_PATHS = (
					"$(inherited)",
					"@executable_path/Frameworks",
				);
				PRODUCT_BUNDLE_IDENTIFIER = com.MarcyVernon.DarkModeColors;
				PRODUCT_NAME = "$(TARGET_NAME)";
				SWIFT_VERSION = 5.0;
				TARGETED_DEVICE_FAMILY = 1;
			};
			name = Release;
		};
/* End XCBuildConfiguration section */

/* Begin XCConfigurationList section */
		9327A6D524901F77000DB868 /* Build configuration list for PBXProject "DarkModeColors" */ = {
			isa = XCConfigurationList;
			buildConfigurations = (
				9327A6EC24901F78000DB868 /* Debug */,
				9327A6ED24901F78000DB868 /* Release */,
			);
			defaultConfigurationIsVisible = 0;
			defaultConfigurationName = Release;
		};
		9327A6EE24901F78000DB868 /* Build configuration list for PBXNativeTarget "DarkModeColors" */ = {
			isa = XCConfigurationList;
			buildConfigurations = (
				9327A6EF24901F78000DB868 /* Debug */,
				9327A6F024901F78000DB868 /* Release */,
			);
			defaultConfigurationIsVisible = 0;
			defaultConfigurationName = Release;
		};
/* End XCConfigurationList section */
	};
	rootObject = 9327A6D224901F77000DB868 /* Project object */;
}
